
Microsoft Visual Studio Solution File, Format Version 12.00
# Visual Studio Version 16
VisualStudioVersion = 16.0.808.0
MinimumVisualStudioVersion = 10.0.40219.1
Project("{FAE04EC0-301F-11D3-BF4B-00C04F79EFBC}") = "DasonPokemon.Api", "DasonPokemon.Api\DasonPokemon.Api.csproj", "{CE499ABE-1616-473C-806D-E47987D2BCBE}"
EndProject
Project("{FAE04EC0-301F-11D3-BF4B-00C04F79EFBC}") = "DasonPokemon.Core", "DasonPokemon.Core\DasonPokemon.Core.csproj", "{2B050A0A-9CB1-485C-81D7-93CFB4490F8F}"
EndProject
Global
	GlobalSection(SolutionConfigurationPlatforms) = preSolution
		Debug|Any CPU = Debug|Any CPU
		Release|Any CPU = Release|Any CPU
	EndGlobalSection
	GlobalSection(ProjectConfigurationPlatforms) = postSolution
		{CE499ABE-1616-473C-806D-E47987D2BCBE}.Debug|Any CPU.ActiveCfg = Debug|Any CPU
		{CE499ABE-1616-473C-806D-E47987D2BCBE}.Debug|Any CPU.Build.0 = Debug|Any CPU
		{CE499ABE-1616-473C-806D-E47987D2BCBE}.Release|Any CPU.ActiveCfg = Release|Any CPU
		{CE499ABE-1616-473C-806D-E47987D2BCBE}.Release|Any CPU.Build.0 = Release|Any CPU
		{2B050A0A-9CB1-485C-81D7-93CFB4490F8F}.Debug|Any CPU.ActiveCfg = Debug|Any CPU
		{2B050A0A-9CB1-485C-81D7-93CFB4490F8F}.Debug|Any CPU.Build.0 = Debug|Any CPU
		{2B050A0A-9CB1-485C-81D7-93CFB4490F8F}.Release|Any CPU.ActiveCfg = Release|Any CPU
		{2B050A0A-9CB1-485C-81D7-93CFB4490F8F}.Release|Any CPU.Build.0 = Release|Any CPU
	EndGlobalSection
	GlobalSection(SolutionProperties) = preSolution
		HideSolutionNode = FALSE
	EndGlobalSection
	GlobalSection(ExtensibilityGlobals) = postSolution
		SolutionGuid = {014E09C6-BD6E-4F74-8BC7-D104B6F3982C}
	EndGlobalSection
EndGlobal
